
Microsoft Visual Studio Solution File, Format Version 12.00
# Visual Studio Version 16
VisualStudioVersion = 16.0.30309.148
MinimumVisualStudioVersion = 10.0.40219.1
Project("{FAE04EC0-301F-11D3-BF4B-00C04F79EFBC}") = "AzureAPI", "AzureAPI\AzureAPI.csproj", "{2A768A07-F9C2-4731-8B62-1C72C7912593}"
EndProject
Global
	GlobalSection(SolutionConfigurationPlatforms) = preSolution
		Debug|Any CPU = Debug|Any CPU
		Release|Any CPU = Release|Any CPU
	EndGlobalSection
	GlobalSection(ProjectConfigurationPlatforms) = postSolution
		{2A768A07-F9C2-4731-8B62-1C72C7912593}.Debug|Any CPU.ActiveCfg = Debug|Any CPU
		{2A768A07-F9C2-4731-8B62-1C72C7912593}.Debug|Any CPU.Build.0 = Debug|Any CPU
		{2A768A07-F9C2-4731-8B62-1C72C7912593}.Release|Any CPU.ActiveCfg = Release|Any CPU
		{2A768A07-F9C2-4731-8B62-1C72C7912593}.Release|Any CPU.Build.0 = Release|Any CPU
	EndGlobalSection
	GlobalSection(SolutionProperties) = preSolution
		HideSolutionNode = FALSE
	EndGlobalSection
	GlobalSection(ExtensibilityGlobals) = postSolution
		SolutionGuid = {8DE6B4BA-C738-4F68-B86C-D66F1DB8D96A}
	EndGlobalSection
EndGlobal
